version = 1
revision = 3
requires-python = ">=3.14"
conflicts = [[
    { package = "wiki-search", extra = "cuda" },
    { package = "wiki-search", extra = "rocm" },
]]

[[package]]
name = "certifi"
version = "2022.12.7"
source = { registry = "https://download.pytorch.org/whl/rocm7.2" }
wheels = [
    { url = "https://download.pytorch.org/whl/certifi-2022.12.7-py3-none-any.whl", hash = "sha256:4ad3232f5e926d6718ec31cfc1fcadfde020920e278684144551c91769c7bc18", upload-time = "2023-10-03T17:33:19Z" },
]

[[package]]
name = "charset-normalizer"
version = "2.1.1"
source = { registry = "https://download.pytorch.org/whl/rocm7.2" }
wheels = [
    { url = "https://download.pytorch.org/whl/charset_normalizer-2.1.1-py3-none-any.whl", hash = "sha256:83e9a75d1911279afd89352c68b45348559d1fc0506b054b346651b5e7fee29f", upload-time = "2023-10-03T17:33:19Z" },
]

[[package]]
name = "cuda-bindings"
version = "13.0.3"
source = { registry = "https://download.pytorch.org/whl/rocm7.2" }
dependencies = [
    { name = "cuda-pathfinder" },
]
wheels = [
    { url = "https://download.pytorch.org/whl/cuda_bindings-13.0.3-cp314-cp314-manylinux_2_24_aarch64.manylinux_2_28_aarch64.whl", upload-time = "2026-01-21T18:08:05Z" },
    { url = "https://download.pytorch.org/whl/cuda_bindings-13.0.3-cp314-cp314-manylinux_2_24_x86_64.manylinux_2_28_x86_64.whl", upload-time = "2026-01-21T18:08:10Z" },
    { url = "https://download.pytorch.org/whl/cuda_bindings-13.0.3-cp314-cp314t-manylinux_2_24_aarch64.manylinux_2_28_aarch64.whl", upload-time = "2026-01-21T18:08:14Z" },
    { url = "https://download.pytorch.org/whl/cuda_bindings-13.0.3-cp314-cp314t-manylinux_2_24_x86_64.manylinux_2_28_x86_64.whl", upload-time = "2026-01-21T18:08:20Z" },
]

[[package]]
name = "cuda-pathfinder"
version = "1.2.2"
source = { registry = "https://download.pytorch.org/whl/rocm7.2" }
wheels = [
    { url = "https://download.pytorch.org/whl/cuda_pathfinder-1.2.2-py3-none-any.whl", upload-time = "2026-01-20T19:36:05Z" },
]

[[package]]
name = "cuda-toolkit"
version = "13.2.1"
source = { registry = "https://download.pytorch.org/whl/cu132" }
wheels = [
    { url = "https://pypi.nvidia.com/cuda-toolkit/cuda_toolkit-13.2.1-py2.py3-none-any.whl", hash = "sha256:646d0e3668ce6f78f2312bb9cc0f668b9cbfcbef187eaa6a39eb2ea6dbec2a31" },
]

[package.optional-dependencies]
cublas = [
    { name = "nvidia-cublas", marker = "(platform_machine == 'aarch64' and sys_platform == 'linux') or (platform_machine == 'x86_64' and sys_platform == 'linux') or (platform_machine == 'AMD64' and sys_platform == 'win32')" },
    { name = "nvidia-cuda-nvrtc", marker = "(platform_machine == 'aarch64' and sys_platform == 'linux') or (platform_machine == 'x86_64' and sys_platform == 'linux') or (platform_machine == 'AMD64' and sys_platform == 'win32')" },
]
cudart = [
    { name = "nvidia-cuda-runtime", marker = "(platform_machine == 'aarch64' and sys_platform == 'linux') or (platform_machine == 'x86_64' and sys_platform == 'linux') or (platform_machine == 'AMD64' and sys_platform == 'win32')" },
]
cufft = [
    { name = "nvidia-cufft", marker = "(platform_machine == 'aarch64' and sys_platform == 'linux') or (platform_machine == 'x86_64' and sys_platform == 'linux') or (platform_machine == 'AMD64' and sys_platform == 'win32')" },
    { name = "nvidia-nvjitlink", marker = "(platform_machine == 'aarch64' and sys_platform == 'linux') or (platform_machine == 'x86_64' and sys_platform == 'linux') or (platform_machine == 'AMD64' and sys_platform == 'win32')" },
]
cufile = [
    { name = "nvidia-cufile", marker = "(platform_machine == 'aarch64' and sys_platform == 'linux') or (platform_machine == 'x86_64' and sys_platform == 'linux')" },
]
cupti = [
    { name = "nvidia-cuda-cupti", marker = "(platform_machine == 'aarch64' and sys_platform == 'linux') or (platform_machine == 'x86_64' and sys_platform == 'linux') or (platform_machine == 'AMD64' and sys_platform == 'win32')" },
]
curand = [
    { name = "nvidia-curand", marker = "(platform_machine == 'aarch64' and sys_platform == 'linux') or (platform_machine == 'x86_64' and sys_platform == 'linux') or (platform_machine == 'AMD64' and sys_platform == 'win32')" },
]
cusolver = [
    { name = "nvidia-cublas", marker = "(platform_machine == 'aarch64' and sys_platform == 'linux') or (platform_machine == 'x86_64' and sys_platform == 'linux') or (platform_machine == 'AMD64' and sys_platform == 'win32')" },
    { name = "nvidia-cusolver", marker = "(platform_machine == 'aarch64' and sys_platform == 'linux') or (platform_machine == 'x86_64' and sys_platform == 'linux') or (platform_machine == 'AMD64' and sys_platform == 'win32')" },
    { name = "nvidia-cusparse", marker = "(platform_machine == 'aarch64' and sys_platform == 'linux') or (platform_machine == 'x86_64' and sys_platform == 'linux') or (platform_machine == 'AMD64' and sys_platform == 'win32')" },
    { name = "nvidia-nvjitlink", marker = "(platform_machine == 'aarch64' and sys_platform == 'linux') or (platform_machine == 'x86_64' and sys_platform == 'linux') or (platform_machine == 'AMD64' and sys_platform == 'win32')" },
]
cusparse = [
    { name = "nvidia-cusparse", marker = "(platform_machine == 'aarch64' and sys_platform == 'linux') or (platform_machine == 'x86_64' and sys_platform == 'linux') or (platform_machine == 'AMD64' and sys_platform == 'win32')" },
    { name = "nvidia-nvjitlink", marker = "(platform_machine == 'aarch64' and sys_platform == 'linux') or (platform_machine == 'x86_64' and sys_platform == 'linux') or (platform_machine == 'AMD64' and sys_platform == 'win32')" },
]
nvjitlink = [
    { name = "nvidia-nvjitlink", marker = "(platform_machine == 'aarch64' and sys_platform == 'linux') or (platform_machine == 'x86_64' and sys_platform == 'linux') or (platform_machine == 'AMD64' and sys_platform == 'win32')" },
]
nvrtc = [
    { name = "nvidia-cuda-nvrtc", marker = "(platform_machine == 'aarch64' and sys_platform == 'linux') or (platform_machine == 'x86_64' and sys_platform == 'linux') or (platform_machine == 'AMD64' and sys_platform == 'win32')" },
]
nvtx = [
    { name = "nvidia-nvtx", marker = "(platform_machine == 'aarch64' and sys_platform == 'linux') or (platform_machine == 'x86_64' and sys_platform == 'linux') or (platform_machine == 'AMD64' and sys_platform == 'win32')" },
]

[[package]]
name = "filelock"
version = "3.29.0"
source = { registry = "https://download.pytorch.org/whl/rocm7.2" }
sdist = { url = "https://files.pythonhosted.org/packages/b5/fe/997687a931ab51049acce6fa1f23e8f01216374ea81374ddee763c493db5/filelock-3.29.0.tar.gz", hash = "sha256:69974355e960702e789734cb4871f884ea6fe50bd8404051a3530bc07809cf90" }
wheels = [
    { url = "https://files.pythonhosted.org/packages/81/47/dd9a212ef6e343a6857485ffe25bba537304f1913bdbed446a23f7f592e1/filelock-3.29.0-py3-none-any.whl", hash = "sha256:96f5f6344709aa1572bbf631c640e4ebeeb519e08da902c39a001882f30ac258" },
]

[[package]]
name = "fsspec"
version = "2026.4.0"
source = { registry = "https://download.pytorch.org/whl/rocm7.2" }
sdist = { url = "https://files.pythonhosted.org/packages/d5/8d/1c51c094345df128ca4a990d633fe1a0ff28726c9e6b3c41ba65087bba1d/fsspec-2026.4.0.tar.gz", hash = "sha256:301d8ac70ae90ef3ad05dcf94d6c3754a097f9b5fe4667d2787aa359ec7df7e4" }
wheels = [
    { url = "https://files.pythonhosted.org/packages/d5/0c/043d5e551459da400957a1395e0febbf771446ff34291afcbe3d8be2a279/fsspec-2026.4.0-py3-none-any.whl", hash = "sha256:11ef7bb35dab8a394fde6e608221d5cf3e8499401c249bebaeaad760a1a8dec2" },
]

[[package]]
name = "idna"
version = "3.4"
source = { registry = "https://download.pytorch.org/whl/rocm7.2" }
wheels = [
    { url = "https://download.pytorch.org/whl/idna-3.4-py3-none-any.whl", hash = "sha256:90b77e79eaa3eba6de819a0c442c0b4ceefc341a7a2ab77d7562bf49f425c5c2", upload-time = "2023-10-06T21:35:40Z" },
]

[[package]]
name = "jinja2"
version = "3.1.6"
source = { registry = "https://download.pytorch.org/whl/rocm7.2" }
dependencies = [
    { name = "markupsafe" },
]
wheels = [
    { url = "https://download.pytorch.org/whl/jinja2-3.1.6-py3-none-any.whl", upload-time = "2025-10-14T18:38:59Z" },
]

[[package]]
name = "markupsafe"
version = "3.0.3"
source = { registry = "https://download.pytorch.org/whl/rocm7.2" }
wheels = [
    { url = "https://download.pytorch.org/whl/markupsafe-3.0.3-cp314-cp314-macosx_11_0_arm64.whl", upload-time = "2026-02-23T16:46:37Z" },
    { url = "https://download.pytorch.org/whl/markupsafe-3.0.3-cp314-cp314-manylinux2014_aarch64.manylinux_2_17_aarch64.manylinux_2_28_aarch64.whl", upload-time = "2026-02-23T16:46:37Z" },
    { url = "https://download.pytorch.org/whl/markupsafe-3.0.3-cp314-cp314-manylinux2014_x86_64.manylinux_2_17_x86_64.manylinux_2_28_x86_64.whl", upload-time = "2026-02-23T16:46:37Z" },
    { url = "https://download.pytorch.org/whl/markupsafe-3.0.3-cp314-cp314-win_amd64.whl", upload-time = "2026-02-23T16:46:37Z" },
    { url = "https://download.pytorch.org/whl/markupsafe-3.0.3-cp314-cp314t-macosx_11_0_arm64.whl", upload-time = "2026-02-23T16:46:39Z" },
    { url = "https://download.pytorch.org/whl/markupsafe-3.0.3-cp314-cp314t-manylinux2014_aarch64.manylinux_2_17_aarch64.manylinux_2_28_aarch64.whl", upload-time = "2026-02-23T16:46:41Z" },
    { url = "https://download.pytorch.org/whl/markupsafe-3.0.3-cp314-cp314t-manylinux2014_x86_64.manylinux_2_17_x86_64.manylinux_2_28_x86_64.whl", upload-time = "2026-02-23T16:46:41Z" },
    { url = "https://download.pytorch.org/whl/markupsafe-3.0.3-cp314-cp314t-win_amd64.whl", upload-time = "2026-02-23T16:46:41Z" },
]

[[package]]
name = "mpmath"
version = "1.3.0"
source = { registry = "https://download.pytorch.org/whl/rocm7.2" }
sdist = { url = "https://files.pythonhosted.org/packages/e0/47/dd32fa426cc72114383ac549964eecb20ecfd886d1e5ccf5340b55b02f57/mpmath-1.3.0.tar.gz", hash = "sha256:7a28eb2a9774d00c7bc92411c19a89209d5da7c4c9a9e227be8330a23a25b91f" }
wheels = [
    { url = "https://files.pythonhosted.org/packages/43/e3/7d92a15f894aa0c9c4b49b8ee9ac9850d6e63b03c9c32c0367a13ae62209/mpmath-1.3.0-py3-none-any.whl", hash = "sha256:a0b2b9fe80bbcd81a6647ff13108738cfb482d481d826cc0e02f5b35e5c88d2c" },
]

[[package]]
name = "networkx"
version = "3.6.1"
source = { registry = "https://download.pytorch.org/whl/rocm7.2" }
sdist = { url = "https://files.pythonhosted.org/packages/6a/51/63fe664f3908c97be9d2e4f1158eb633317598cfa6e1fc14af5383f17512/networkx-3.6.1.tar.gz", hash = "sha256:26b7c357accc0c8cde558ad486283728b65b6a95d85ee1cd66bafab4c8168509" }
wheels = [
    { url = "https://files.pythonhosted.org/packages/9e/c9/b2622292ea83fbb4ec318f5b9ab867d0a28ab43c5717bb85b0a5f6b3b0a4/networkx-3.6.1-py3-none-any.whl", hash = "sha256:d47fbf302e7d9cbbb9e2555a0d267983d2aa476bac30e90dfbe5669bd57f3762" },
]

[[package]]
name = "nvidia-cublas"
version = "13.4.0.1"
source = { registry = "https://download.pytorch.org/whl/cu132" }
dependencies = [
    { name = "nvidia-cuda-nvrtc" },
]
wheels = [
    { url = "https://pypi.nvidia.com/nvidia-cublas/nvidia_cublas-13.4.0.1-py3-none-manylinux_2_27_aarch64.whl", hash = "sha256:705d7d214fbb20f134415ecadc488abf74f444c155a6555dec5687404afb18a9" },
    { url = "https://pypi.nvidia.com/nvidia-cublas/nvidia_cublas-13.4.0.1-py3-none-manylinux_2_27_x86_64.whl", hash = "sha256:53bf22e2ccbf644db74b6cc21cea7f5efb1a52aa64515438b430abbd05af4106" },
    { url = "https://pypi.nvidia.com/nvidia-cublas/nvidia_cublas-13.4.0.1-py3-none-win_amd64.whl", hash = "sha256:37a142e2643c928f498f12f4f61c2ecd1c6c6c9608e16f6a4d45ec8d5d057733" },
]

[[package]]
name = "nvidia-cuda-cupti"
version = "13.2.75"
source = { registry = "https://download.pytorch.org/whl/cu132" }
wheels = [
    { url = "https://pypi.nvidia.com/nvidia-cuda-cupti/nvidia_cuda_cupti-13.2.75-py3-none-manylinux_2_25_aarch64.whl", hash = "sha256:003157a0ca04d34a1f83a764dcbe36eabceda5a771e9a2cc85a461b2765888b6" },
    { url = "https://pypi.nvidia.com/nvidia-cuda-cupti/nvidia_cuda_cupti-13.2.75-py3-none-manylinux_2_25_x86_64.whl", hash = "sha256:f75aca6bef89c625a4076a820302bb06764daa1d21595286f6bee5e237d3a187" },
    { url = "https://pypi.nvidia.com/nvidia-cuda-cupti/nvidia_cuda_cupti-13.2.75-py3-none-win_amd64.whl", hash = "sha256:39bd75dd3ab29ad26fabd25738cc6f6cd3452d8f8f1a1ac482c395e977eaaa55" },
]

[[package]]
name = "nvidia-cuda-nvrtc"
version = "13.2.78"
source = { registry = "https://download.pytorch.org/whl/cu132" }
wheels = [
    { url = "https://pypi.nvidia.com/nvidia-cuda-nvrtc/nvidia_cuda_nvrtc-13.2.78-py3-none-manylinux2010_x86_64.manylinux_2_12_x86_64.whl", hash = "sha256:a9049031da08cbedd0c20e3470e5a978dc330af0e0326b3b05774718c665dc3e" },
    { url = "https://pypi.nvidia.com/nvidia-cuda-nvrtc/nvidia_cuda_nvrtc-13.2.78-py3-none-manylinux2014_aarch64.manylinux_2_17_aarch64.whl", hash = "sha256:a50367a7e2a0bd00fb27e5648179149cc7a60e7c7811740a5ff559f06234526d" },
    { url = "https://pypi.nvidia.com/nvidia-cuda-nvrtc/nvidia_cuda_nvrtc-13.2.78-py3-none-win_amd64.whl", hash = "sha256:46aff2df5615c408f23fb968a75e5641060f89fa611a85af51a387dff9bf375b" },
]

[[package]]
name = "nvidia-cuda-runtime"
version = "13.2.75"
source = { registry = "https://download.pytorch.org/whl/cu132" }
wheels = [
    { url = "https://pypi.nvidia.com/nvidia-cuda-runtime/nvidia_cuda_runtime-13.2.75-py3-none-manylinux2014_aarch64.manylinux_2_17_aarch64.whl", hash = "sha256:36e539e8deb01568025830c1454216c26ef4b4529507220b1d8ef739bf5c6439" },
    { url = "https://pypi.nvidia.com/nvidia-cuda-runtime/nvidia_cuda_runtime-13.2.75-py3-none-manylinux2014_x86_64.manylinux_2_17_x86_64.whl", hash = "sha256:72bf454902da594e0b833cadeddc8b7100ce1c7cf7ed9023943931be1aa913b7" },
    { url = "https://pypi.nvidia.com/nvidia-cuda-runtime/nvidia_cuda_runtime-13.2.75-py3-none-win_amd64.whl", hash = "sha256:16a2ff1b786d52c7b4d4439c7f5fc05cf9e086071f51efd5163989dee65bd4ea" },
]

[[package]]
name = "nvidia-cudnn-cu13"
version = "9.20.0.48"
source = { registry = "https://download.pytorch.org/whl/cu132" }
dependencies = [
    { name = "nvidia-cublas" },
]
wheels = [
    { url = "https://pypi.nvidia.com/nvidia-cudnn-cu13/nvidia_cudnn_cu13-9.20.0.48-py3-none-manylinux_2_27_aarch64.whl", hash = "sha256:e31454ae00094b0c55319d9d15b6fa2fc50a9e1c0f5c8c80fb75258234e731e1" },
    { url = "https://pypi.nvidia.com/nvidia-cudnn-cu13/nvidia_cudnn_cu13-9.20.0.48-py3-none-manylinux_2_27_x86_64.whl", hash = "sha256:0c45dd8eeb50b603f07995b1b300c62ffe6a1980482b82b3bcf94a4ca9d49304" },
    { url = "https://pypi.nvidia.com/nvidia-cudnn-cu13/nvidia_cudnn_cu13-9.20.0.48-py3-none-win_amd64.whl", hash = "sha256:af8139732b99c0118be65ea5aac97f0d46018f8c552889e49d2fb0c6261a4a24" },
]

[[package]]
name = "nvidia-cufft"
version = "12.2.0.46"
source = { registry = "https://download.pytorch.org/whl/cu132" }
dependencies = [
    { name = "nvidia-nvjitlink" },
]
wheels = [
    { url = "https://pypi.nvidia.com/nvidia-cufft/nvidia_cufft-12.2.0.46-py3-none-manylinux2014_aarch64.manylinux_2_17_aarch64.whl", hash = "sha256:2e8f3a22c2745f95327b7639ba2868ea2cbd5d3131ebe6313394e24164054f41" },
    { url = "https://pypi.nvidia.com/nvidia-cufft/nvidia_cufft-12.2.0.46-py3-none-manylinux2014_x86_64.manylinux_2_17_x86_64.whl", hash = "sha256:a9667ae4d81b9e54ddbbad24a9e72334f89d4fc184566d05ef028e2760c820eb" },
    { url = "https://pypi.nvidia.com/nvidia-cufft/nvidia_cufft-12.2.0.46-py3-none-win_amd64.whl", hash = "sha256:e35b0cb44a971dad5cbbf8d166fb89061f329b41e466631ee85d301628f1b943" },
]

[[package]]
name = "nvidia-cufile"
version = "1.17.1.22"
source = { registry = "https://download.pytorch.org/whl/cu132" }
wheels = [
    { url = "https://pypi.nvidia.com/nvidia-cufile/nvidia_cufile-1.17.1.22-py3-none-manylinux_2_27_aarch64.whl", hash = "sha256:bec33d7f1f12691dce330275246587569c2ed90b1ce43b0f94b3e1ce9268744b" },
    { url = "https://pypi.nvidia.com/nvidia-cufile/nvidia_cufile-1.17.1.22-py3-none-manylinux_2_27_x86_64.whl", hash = "sha256:87feaf8c3ad20d3d03a01933181801ff6892bace5c8f0b1e4b48f319d3e62d36" },
]

[[package]]
name = "nvidia-curand"
version = "10.4.2.55"
source = { registry = "https://download.pytorch.org/whl/cu132" }
wheels = [
    { url = "https://pypi.nvidia.com/nvidia-curand/nvidia_curand-10.4.2.55-py3-none-manylinux_2_27_aarch64.whl", hash = "sha256:342e40ddcaedc92aedc72839e0c10064096fceea2f1d0eb57951f86d2901f8c0" },
    { url = "https://pypi.nvidia.com/nvidia-curand/nvidia_curand-10.4.2.55-py3-none-manylinux_2_27_x86_64.whl", hash = "sha256:b4080cab49d4939f8e46b2c195c76c698d2289835c36ede558836daa40000e70" },
    { url = "https://pypi.nvidia.com/nvidia-curand/nvidia_curand-10.4.2.55-py3-none-win_amd64.whl", hash = "sha256:ce09678a852f4c224738abc56ea196bf981bb0db25b720438bd8416c5d52f056" },
]

[[package]]
name = "nvidia-cusolver"
version = "12.2.0.1"
source = { registry = "https://download.pytorch.org/whl/cu132" }
dependencies = [
    { name = "nvidia-cublas" },
    { name = "nvidia-cusparse" },
    { name = "nvidia-nvjitlink" },
]
wheels = [
    { url = "https://pypi.nvidia.com/nvidia-cusolver/nvidia_cusolver-12.2.0.1-py3-none-manylinux_2_27_aarch64.whl", hash = "sha256:c9def09fcf300b9465cdf800142abf10149df28c4290bdf9e7b4a700480d31d7" },
    { url = "https://pypi.nvidia.com/nvidia-cusolver/nvidia_cusolver-12.2.0.1-py3-none-manylinux_2_27_x86_64.whl", hash = "sha256:4693ea3c2a5d20369da7b5a4970a41df9b40f1b6f2ef9909c95f7c8c8c5ffb4d" },
    { url = "https://pypi.nvidia.com/nvidia-cusolver/nvidia_cusolver-12.2.0.1-py3-none-win_amd64.whl", hash = "sha256:0776a83624e39a277cb26cc064164a70b7e89a594fb950bf0771be20c8eb8172" },
]

[[package]]
name = "nvidia-cusparse"
version = "12.7.10.1"
source = { registry = "https://download.pytorch.org/whl/cu132" }
dependencies = [
    { name = "nvidia-nvjitlink" },
]
wheels = [
    { url = "https://pypi.nvidia.com/nvidia-cusparse/nvidia_cusparse-12.7.10.1-py3-none-manylinux2014_aarch64.manylinux_2_17_aarch64.whl", hash = "sha256:80cc98b38fdcf054a80bd9782fe2e63c66f90e202cac269f641357ccac5fe7e3" },
    { url = "https://pypi.nvidia.com/nvidia-cusparse/nvidia_cusparse-12.7.10.1-py3-none-manylinux2014_x86_64.manylinux_2_17_x86_64.whl", hash = "sha256:f0d110640aa63e7182fa787cc245afa07c5fb84ac30f1c4029e4fa3012353172" },
    { url = "https://pypi.nvidia.com/nvidia-cusparse/nvidia_cusparse-12.7.10.1-py3-none-win_amd64.whl", hash = "sha256:8786474c768d147e9969d3fac96b46399eb5f397c57a2ad57c1d4cdc4bb59f65" },
]

[[package]]
name = "nvidia-cusparselt-cu13"
version = "0.8.1"
source = { registry = "https://download.pytorch.org/whl/cu132" }
wheels = [
    { url = "https://pypi.nvidia.com/nvidia-cusparselt-cu13/nvidia_cusparselt_cu13-0.8.1-py3-none-manylinux2014_aarch64.whl", hash = "sha256:4dca476c50bf4780d46cd0bfbd82e2bc10a08e4fef7950917ce8d7578d22a23f" },
    { url = "https://pypi.nvidia.com/nvidia-cusparselt-cu13/nvidia_cusparselt_cu13-0.8.1-py3-none-manylinux2014_x86_64.whl", hash = "sha256:786ce87568c303fadb5afcc7102d454cd3040d75f6f8626f5db460d1871f4dd0" },
    { url = "https://pypi.nvidia.com/nvidia-cusparselt-cu13/nvidia_cusparselt_cu13-0.8.1-py3-none-win_amd64.whl", hash = "sha256:dccbd362f91a7b9024d1f55ee9f548ac065027ff15d8c8b0db889ab3a8f31215" },
]

[[package]]
name = "nvidia-nccl-cu13"
version = "2.29.7"
source = { registry = "https://download.pytorch.org/whl/cu132" }
wheels = [
    { url = "https://pypi.nvidia.com/nvidia-nccl-cu13/nvidia_nccl_cu13-2.29.7-py3-none-manylinux_2_18_aarch64.whl", hash = "sha256:674a12383e3c38a1bcccae7d4f3633b37852230b6047883cb2f4c2d1b36d9bf5" },
    { url = "https://pypi.nvidia.com/nvidia-nccl-cu13/nvidia_nccl_cu13-2.29.7-py3-none-manylinux_2_18_x86_64.whl", hash = "sha256:edd81538446786ec3b73972543e53bb43bcaf0bfc8ef76cb679fcc390ffe136d" },
]

[[package]]
name = "nvidia-nvjitlink"
version = "13.2.78"
source = { registry = "https://download.pytorch.org/whl/cu132" }
wheels = [
    { url = "https://pypi.nvidia.com/nvidia-nvjitlink/nvidia_nvjitlink-13.2.78-py3-none-manylinux2010_x86_64.manylinux_2_12_x86_64.whl", hash = "sha256:27964b6702aeceee05fc0ab47b4c97e3f8966bd47d05d9827e913c49a025656b" },
    { url = "https://pypi.nvidia.com/nvidia-nvjitlink/nvidia_nvjitlink-13.2.78-py3-none-manylinux2014_aarch64.manylinux_2_17_aarch64.whl", hash = "sha256:f8db47f159e434f5c7b9de53c4bc71cfa03ac3aeae717db5dc91b846c506b0a3" },
    { url = "https://pypi.nvidia.com/nvidia-nvjitlink/nvidia_nvjitlink-13.2.78-py3-none-win_amd64.whl", hash = "sha256:fc64c0708d301705bc3df36b16ff226e07f78b571e868a7489dac78282048a25" },
]

[[package]]
name = "nvidia-nvshmem-cu13"
version = "3.4.5"
source = { registry = "https://download.pytorch.org/whl/cu132" }
wheels = [
    { url = "https://pypi.nvidia.com/nvidia-nvshmem-cu13/nvidia_nvshmem_cu13-3.4.5-py3-none-manylinux2014_aarch64.manylinux_2_17_aarch64.whl", hash = "sha256:6dc2a197f38e5d0376ad52cd1a2a3617d3cdc150fd5966f4aee9bcebb1d68fe9" },
    { url = "https://pypi.nvidia.com/nvidia-nvshmem-cu13/nvidia_nvshmem_cu13-3.4.5-py3-none-manylinux2014_x86_64.manylinux_2_17_x86_64.whl", hash = "sha256:290f0a2ee94c9f3687a02502f3b9299a9f9fe826e6d0287ee18482e78d495b80" },
]

[[package]]
name = "nvidia-nvtx"
version = "13.2.75"
source = { registry = "https://download.pytorch.org/whl/cu132" }
wheels = [
    { url = "https://pypi.nvidia.com/nvidia-nvtx/nvidia_nvtx-13.2.75-py3-none-manylinux1_x86_64.manylinux_2_5_x86_64.whl", hash = "sha256:2d7c24fc582d841493c6dc2cf017c25e4428cf583a3bd9e9325a65f0ecc65f73" },
    { url = "https://pypi.nvidia.com/nvidia-nvtx/nvidia_nvtx-13.2.75-py3-none-manylinux2014_aarch64.manylinux_2_17_aarch64.whl", hash = "sha256:d8e1c4a14a21d6dd4bc2fc59eb1e3f42447db40edf5d0f580c0eba5f9abb606c" },
    { url = "https://pypi.nvidia.com/nvidia-nvtx/nvidia_nvtx-13.2.75-py3-none-win_amd64.whl", hash = "sha256:b0a85fe36c3e9d56225fc30297577535a5a35f19545c8073926fe89807617e52" },
]

[[package]]
name = "requests"
version = "2.28.1"
source = { registry = "https://download.pytorch.org/whl/rocm7.2" }
dependencies = [
    { name = "certifi" },
    { name = "charset-normalizer" },
    { name = "idna" },
    { name = "urllib3" },
]
wheels = [
    { url = "https://download.pytorch.org/whl/requests-2.28.1-py3-none-any.whl", hash = "sha256:8fefa2a1a1365bf5520aac41836fbee479da67864514bdb821f31ce07ce65349", upload-time = "2023-10-06T21:36:51Z" },
]

[[package]]
name = "setuptools"
version = "78.1.0"
source = { registry = "https://download.pytorch.org/whl/rocm7.2" }
sdist = { url = "https://download.pytorch.org/whl/setuptools-78.1.0.tar.gz", upload-time = "2026-07-08T13:15:22Z" }
wheels = [
    { url = "https://download.pytorch.org/whl/setuptools-78.1.0-py3-none-any.whl", upload-time = "2026-07-08T13:15:22Z" },
]

[[package]]
name = "sympy"
version = "1.14.0"
source = { registry = "https://download.pytorch.org/whl/rocm7.2" }
dependencies = [
    { name = "mpmath" },
]
sdist = { url = "https://files.pythonhosted.org/packages/83/d3/803453b36afefb7c2bb238361cd4ae6125a569b4db67cd9e79846ba2d68c/sympy-1.14.0.tar.gz", hash = "sha256:d3d3fe8df1e5a0b42f0e7bdf50541697dbe7d23746e894990c030e2b05e72517" }
wheels = [
    { url = "https://files.pythonhosted.org/packages/a2/09/77d55d46fd61b4a135c444fc97158ef34a095e5681d0a6c10b75bf356191/sympy-1.14.0-py3-none-any.whl", hash = "sha256:e091cc3e99d2141a0ba2847328f5479b05d94a6635cb96148ccb3f34671bd8f5" },
]

[[package]]
name = "torch"
version = "2.12.0+rocm7.2"
source = { registry = "https://download.pytorch.org/whl/rocm7.2" }
dependencies = [
    { name = "filelock" },
    { name = "fsspec" },
    { name = "jinja2" },
    { name = "networkx" },
    { name = "setuptools" },
    { name = "sympy" },
    { name = "triton-rocm", marker = "sys_platform == 'linux'" },
    { name = "typing-extensions" },
]
wheels = [
    { url = "https://download-r2.pytorch.org/whl/rocm7.2/torch-2.12.0%2Brocm7.2-cp314-cp314-manylinux_2_28_x86_64.whl", hash = "sha256:17c228c996984a5f0401926a86bbe8c0e1d2bb118735978e624cb31b599fdc29", upload-time = "2026-05-13T01:11:49Z" },
    { url = "https://download-r2.pytorch.org/whl/rocm7.2/torch-2.12.0%2Brocm7.2-cp314-cp314t-manylinux_2_28_x86_64.whl", hash = "sha256:4d36efb990637b85d1c04ae0326183a547c34411a34f2dcfdf7685610b6647e1", upload-time = "2026-05-13T01:15:35Z" },
]

[[package]]
name = "torch"
version = "2.13.0+cu132"
source = { registry = "https://download.pytorch.org/whl/cu132" }
dependencies = [
    { name = "cuda-bindings", marker = "python_full_version < '3.15' and sys_platform == 'linux'" },
    { name = "cuda-toolkit", extra = ["cublas", "cudart", "cufft", "cufile", "cupti", "curand", "cusolver", "cusparse", "nvjitlink", "nvrtc", "nvtx"], marker = "(sys_platform == 'linux' and extra == 'extra-11-wiki-search-cuda') or (extra == 'extra-11-wiki-search-cuda' and extra == 'extra-11-wiki-search-rocm')" },
    { name = "filelock" },
    { name = "fsspec" },
    { name = "jinja2" },
    { name = "networkx" },
    { name = "nvidia-cudnn-cu13", marker = "sys_platform == 'linux'" },
    { name = "nvidia-cusparselt-cu13", marker = "sys_platform == 'linux'" },
    { name = "nvidia-nccl-cu13", marker = "sys_platform == 'linux'" },
    { name = "nvidia-nvshmem-cu13", marker = "sys_platform == 'linux'" },
    { name = "setuptools" },
    { name = "sympy" },
    { name = "triton", marker = "python_full_version < '3.15' and sys_platform == 'linux'" },
    { name = "typing-extensions" },
]
wheels = [
    { url = "https://download-r2.pytorch.org/whl/cu132/torch-2.13.0%2Bcu132-cp314-cp314-manylinux_2_28_aarch64.whl", upload-time = "2026-07-08T11:21:00Z" },
    { url = "https://download-r2.pytorch.org/whl/cu132/torch-2.13.0%2Bcu132-cp314-cp314-manylinux_2_28_x86_64.whl", upload-time = "2026-07-08T11:21:01Z" },
    { url = "https://download-r2.pytorch.org/whl/cu132/torch-2.13.0%2Bcu132-cp314-cp314-win_amd64.whl", upload-time = "2026-07-08T11:21:10Z" },
    { url = "https://download-r2.pytorch.org/whl/cu132/torch-2.13.0%2Bcu132-cp314-cp314t-manylinux_2_28_aarch64.whl", upload-time = "2026-07-08T11:21:11Z" },
    { url = "https://download-r2.pytorch.org/whl/cu132/torch-2.13.0%2Bcu132-cp314-cp314t-manylinux_2_28_x86_64.whl", upload-time = "2026-07-08T11:21:14Z" },
    { url = "https://download-r2.pytorch.org/whl/cu132/torch-2.13.0%2Bcu132-cp314-cp314t-win_amd64.whl", upload-time = "2026-07-08T11:21:21Z" },
    { url = "https://download-r2.pytorch.org/whl/cu132/torch-2.13.0%2Bcu132-cp315-cp315-manylinux_2_28_aarch64.whl", upload-time = "2026-07-08T11:21:21Z" },
    { url = "https://download-r2.pytorch.org/whl/cu132/torch-2.13.0%2Bcu132-cp315-cp315-manylinux_2_28_x86_64.whl", upload-time = "2026-07-08T11:21:26Z" },
    { url = "https://download-r2.pytorch.org/whl/cu132/torch-2.13.0%2Bcu132-cp315-cp315t-manylinux_2_28_aarch64.whl", upload-time = "2026-07-08T11:21:32Z" },
    { url = "https://download-r2.pytorch.org/whl/cu132/torch-2.13.0%2Bcu132-cp315-cp315t-manylinux_2_28_x86_64.whl", upload-time = "2026-07-08T11:21:39Z" },
]

[[package]]
name = "triton"
version = "3.7.1"
source = { registry = "https://download.pytorch.org/whl/rocm7.2" }
wheels = [
    { url = "https://download-r2.pytorch.org/whl/triton-3.7.1-cp314-cp314-linux_aarch64.whl", hash = "sha256:f091fe850657971c7191f7aa5bc9037669ad045da9d37eabc751926adbb456de", upload-time = "2026-06-17T16:39:45Z" },
    { url = "https://download-r2.pytorch.org/whl/triton-3.7.1-cp314-cp314-manylinux_2_27_x86_64.manylinux_2_28_x86_64.whl", hash = "sha256:c56cb810349d3699020b5b7695429b9b997574dab1b9f46b2b63fa23d7954894", upload-time = "2026-06-17T16:39:58Z" },
    { url = "https://download-r2.pytorch.org/whl/triton-3.7.1-cp314-cp314t-linux_aarch64.whl", hash = "sha256:9e291fca77d74a2c1ce0d3a5eded017a2dd4c688c8986c36e2b0a5f33d956b4f", upload-time = "2026-06-17T16:40:11Z" },
    { url = "https://download-r2.pytorch.org/whl/triton-3.7.1-cp314-cp314t-manylinux_2_27_x86_64.manylinux_2_28_x86_64.whl", hash = "sha256:498302da4866b62d7184825bb3ced2348fe57b5caeaef882db23fc3f746e5cc1", upload-time = "2026-06-17T16:40:23Z" },
    { url = "https://download-r2.pytorch.org/whl/triton-3.7.1-cp315-cp315-linux_aarch64.whl", hash = "sha256:757802f248035abef085ffe28e9f36416f303c769aace1d346a9909eb2e90fd0", upload-time = "2026-06-17T16:40:35Z" },
    { url = "https://download-r2.pytorch.org/whl/triton-3.7.1-cp315-cp315-manylinux_2_27_x86_64.manylinux_2_28_x86_64.whl", hash = "sha256:6aadad4b7b001f2bc025667af14b0b32fb803c69534381abbae24971891c1859", upload-time = "2026-06-17T16:40:49Z" },
    { url = "https://download-r2.pytorch.org/whl/triton-3.7.1-cp315-cp315t-linux_aarch64.whl", hash = "sha256:996b460a85a134bbf810f87dea9ad42fc434d9ae1cbb948313ae83dd27f432f3", upload-time = "2026-06-17T16:41:03Z" },
    { url = "https://download-r2.pytorch.org/whl/triton-3.7.1-cp315-cp315t-manylinux_2_27_x86_64.manylinux_2_28_x86_64.whl", hash = "sha256:018d1a55f4fc01673cffe86d5bc35de7f111f87d579609a9af2e5ad1827826a6", upload-time = "2026-06-17T16:41:17Z" },
]

[[package]]
name = "triton-rocm"
version = "3.7.0"
source = { registry = "https://download.pytorch.org/whl/rocm7.2" }
wheels = [
    { url = "https://download-r2.pytorch.org/whl/triton_rocm-3.7.0-cp314-cp314-linux_x86_64.whl", hash = "sha256:0f259f981310c8411f3c7cd7d0bbed05a80550c3be757e6d9da743746b016e67", upload-time = "2026-05-12T15:04:12Z" },
    { url = "https://download-r2.pytorch.org/whl/triton_rocm-3.7.0-cp314-cp314t-linux_x86_64.whl", hash = "sha256:b3e3b62300ac249980d605bef8134c303835464dc91a2689f37f39c169258284", upload-time = "2026-05-12T15:04:28Z" },
]

[[package]]
name = "typing-extensions"
version = "4.15.0"
source = { registry = "https://download.pytorch.org/whl/rocm7.2" }
sdist = { url = "https://files.pythonhosted.org/packages/72/94/1a15dd82efb362ac84269196e94cf00f187f7ed21c242792a923cdb1c61f/typing_extensions-4.15.0.tar.gz", hash = "sha256:0cea48d173cc12fa28ecabc3b837ea3cf6f38c6d1136f85cbaaf598984861466" }
wheels = [
    { url = "https://files.pythonhosted.org/packages/18/67/36e9267722cc04a6b9f15c7f3441c2363321a3ea07da7ae0c0707beb2a9c/typing_extensions-4.15.0-py3-none-any.whl", hash = "sha256:f0fa19c6845758ab08074a0cfa8b7aecb71c999ca73d62883bc25cc018c4e548" },
]

[[package]]
name = "urllib3"
version = "1.26.13"
source = { registry = "https://download.pytorch.org/whl/rocm7.2" }
wheels = [
    { url = "https://download.pytorch.org/whl/urllib3-1.26.13-py2.py3-none-any.whl", hash = "sha256:47cc05d99aaa09c9e72ed5809b60e7ba354e64b59c9c173ac3018642d8bb41fc", upload-time = "2023-10-06T21:48:51Z" },
]

[[package]]
name = "wiki-search"
version = "0.1.0"
source = { virtual = "." }
dependencies = [
    { name = "requests" },
]

[package.optional-dependencies]
cuda = [
    { name = "torch", version = "2.13.0+cu132", source = { registry = "https://download.pytorch.org/whl/cu132" } },
]
rocm = [
    { name = "torch", version = "2.12.0+rocm7.2", source = { registry = "https://download.pytorch.org/whl/rocm7.2" } },
]

[package.metadata]
requires-dist = [
    { name = "requests" },
    { name = "torch", marker = "extra == 'cuda'", index = "https://download.pytorch.org/whl/cu132", conflict = { package = "wiki-search", extra = "cuda" } },
    { name = "torch", marker = "extra == 'rocm'", specifier = "==2.12.0", index = "https://download.pytorch.org/whl/rocm7.2", conflict = { package = "wiki-search", extra = "rocm" } },
]
provides-extras = ["cuda", "rocm"]
